{
  "nodes": {
    "home-manager": {
      "inputs": {
        "nixpkgs": [
          "nixpkgs"
        ]
      },
      "locked": {
        "lastModified": 1684824189,
        "narHash": "sha256-k3nCkn5Qy67rCguuw6YkGuL6hOUNRKxQoKOjnapk5sU=",
        "owner": "nix-community",
        "repo": "home-manager",
        "rev": "58eb968c21d309a6c2b020ea8d64e25c38ceebba",
        "type": "github"
      },
      "original": {
        "owner": "nix-community",
        "ref": "master",
        "repo": "home-manager",
        "type": "github"
      }
    },
    "nixpkgs": {
      "locked": {
        "lastModified": 1684922889,
        "narHash": "sha256-l0WZAmln8959O7RdYUJ3gnAIM9OPKFLKHKGX4q+Blrk=",
        "owner": "nixos",
        "repo": "nixpkgs",
        "rev": "04aaf8511678a0d0f347fdf1e8072fe01e4a509e",
        "type": "github"
      },
      "original": {
        "owner": "nixos",
        "ref": "nixos-23.05",
        "repo": "nixpkgs",
        "type": "github"
      }
    },
    "nixpkgs-unstable": {
      "locked": {
        "lastModified": 1685018870,
        "narHash": "sha256-RR2Pz6k+b6/HO9Z1kd+aEZWlusi4uVhQZEevnl1cATs=",
        "owner": "nixos",
        "repo": "nixpkgs",
        "rev": "1b40315504ec14e696646a260afe825929417f7e",
        "type": "github"
      },
      "original": {
        "owner": "nixos",
        "ref": "master",
        "repo": "nixpkgs",
        "type": "github"
      }
    },
    "root": {
      "inputs": {
        "home-manager": "home-manager",
        "nixpkgs": "nixpkgs",
        "nixpkgs-unstable": "nixpkgs-unstable"
      }
    }
  },
  "root": "root",
  "version": 7
}
